# NOTICE: This lockfile contains some overrides from shard.override.yml
version: 2.0
shards:
  ameba:
    git: https://github.com/crystal-ameba/ameba.git
    version: 1.4.3

  bisect:
    git: https://github.com/spider-gazelle/bisect.git
    version: 1.2.1

  crystalline:
    git: https://github.com/elbywan/crystalline.git
    version: 0.9.0+git.commit.ff6a712947a9f1aa1eed90478d5d23942585c4be

  json_mapping:
    git: https://github.com/crystal-lang/json_mapping.cr.git
    version: 0.1.1

  lsp: # Overridden
    git: https://github.com/crystal-lang-tools/lsp.git
    version: 0.2.0

  lucky_cli:
    git: https://github.com/luckyframework/lucky_cli.git
    version: 1.0.0

  lucky_task:
    git: https://github.com/luckyframework/lucky_task.git
    version: 0.1.1

  molinillo:
    git: https://github.com/crystal-lang/crystal-molinillo.git
    version: 0.2.0

  nox:
    git: https://github.com/matthewmcgarvey/nox.git
    version: 0.2.2

  priority-queue:
    git: https://github.com/spider-gazelle/priority-queue.git
    version: 1.0.1

  scry:
    git: https://github.com/crystal-lang-tools/scry.git
    version: 0.9.1

  shards:
    git: https://github.com/crystal-lang/shards.git
    version: 0.17.3

  teeplate:
    git: https://github.com/luckyframework/teeplate.git
    version: 0.8.5

  version_from_shard:
    git: https://github.com/hugopl/version_from_shard.git
    version: 1.2.5

