# NOTICE: This lockfile contains some overrides from shard.override.yml
version: 2.0
shards:
  ameba:
    git: https://github.com/crystal-ameba/ameba.git
    version: 0.14.3

  bisect:
    git: https://github.com/spider-gazelle/bisect.git
    version: 1.2.1

  crystalline:
    git: https://github.com/elbywan/crystalline.git
    version: 0.5.0+git.commit.b7a203d0e5d4e37bbe744b371fca77868aca8f71

  json_mapping:
    git: https://github.com/crystal-lang/json_mapping.cr.git
    version: 0.1.1

  lsp:
    git: https://github.com/crystal-lang-tools/lsp.git
    version: 0.2.0

  molinillo:
    git: https://github.com/crystal-lang/crystal-molinillo.git
    version: 0.2.0

  priority-queue:
    git: https://github.com/spider-gazelle/priority-queue.git
    version: 1.0.1

  scry:
    git: https://github.com/crystal-lang-tools/scry.git
    version: 0.9.1

  shards: # Overridden
    git: https://github.com/m-o-e/shards.git
    version: 0.16.0+git.commit.7f45434b3e5f20dea105b01af7a086d122bcc3ac

  version_from_shard:
    git: https://github.com/hugopl/version_from_shard.git
    version: 1.2.5

